
Microsoft Visual Studio Solution File, Format Version 12.00
# Visual Studio Version 17
VisualStudioVersion = 17.5.33424.131
MinimumVisualStudioVersion = 10.0.40219.1
Project("{9A19103F-16F7-4668-BE54-9A1E7A4F7556}") = "EverChat", "NeoChatX\EverChat.csproj", "{D6891904-BE47-4450-8E97-9EE507153C8D}"
EndProject
Global
	GlobalSection(SolutionConfigurationPlatforms) = preSolution
		Debug|Any CPU = Debug|Any CPU
		Release|Any CPU = Release|Any CPU
	EndGlobalSection
	GlobalSection(ProjectConfigurationPlatforms) = postSolution
		{D6891904-BE47-4450-8E97-9EE507153C8D}.Debug|Any CPU.ActiveCfg = Debug|Any CPU
		{D6891904-BE47-4450-8E97-9EE507153C8D}.Debug|Any CPU.Build.0 = Debug|Any CPU
		{D6891904-BE47-4450-8E97-9EE507153C8D}.Release|Any CPU.ActiveCfg = Release|Any CPU
		{D6891904-BE47-4450-8E97-9EE507153C8D}.Release|Any CPU.Build.0 = Release|Any CPU
	EndGlobalSection
	GlobalSection(SolutionProperties) = preSolution
		HideSolutionNode = FALSE
	EndGlobalSection
	GlobalSection(ExtensibilityGlobals) = postSolution
		SolutionGuid = {A28F5D51-A583-4D9C-BE10-3EFB1FE40C64}
	EndGlobalSection
EndGlobal
